
Microsoft Visual Studio Solution File, Format Version 12.00
# Visual Studio 15
VisualStudioVersion = 15.0.28010.2041
MinimumVisualStudioVersion = 10.0.40219.1
Project("{FAE04EC0-301F-11D3-BF4B-00C04F79EFBC}") = "TrainingInformationStatistics", "TrainingInformationStatistics\TrainingInformationStatistics.csproj", "{AC9D1D18-882A-480A-8D20-5FB6B9140147}"
EndProject
Global
	GlobalSection(SolutionConfigurationPlatforms) = preSolution
		Debug|Any CPU = Debug|Any CPU
		Release|Any CPU = Release|Any CPU
	EndGlobalSection
	GlobalSection(ProjectConfigurationPlatforms) = postSolution
		{AC9D1D18-882A-480A-8D20-5FB6B9140147}.Debug|Any CPU.ActiveCfg = Debug|Any CPU
		{AC9D1D18-882A-480A-8D20-5FB6B9140147}.Debug|Any CPU.Build.0 = Debug|Any CPU
		{AC9D1D18-882A-480A-8D20-5FB6B9140147}.Release|Any CPU.ActiveCfg = Release|Any CPU
		{AC9D1D18-882A-480A-8D20-5FB6B9140147}.Release|Any CPU.Build.0 = Release|Any CPU
	EndGlobalSection
	GlobalSection(SolutionProperties) = preSolution
		HideSolutionNode = FALSE
	EndGlobalSection
	GlobalSection(ExtensibilityGlobals) = postSolution
		SolutionGuid = {310B8213-C3FE-426C-AD59-140A209BC435}
	EndGlobalSection
EndGlobal
